// !$*UTF8*$!
{
	archiveVersion = 1;
	classes = {
	};
	objectVersion = 50;
	objects = {

/* Begin PBXBuildFile section */
		3D01D4F324C0E47200C8E385 /* GymViewController.swift in Sources */ = {isa = PBXBuildFile; fileRef = 3D01D4F224C0E47200C8E385 /* GymViewController.swift */; };
		3D01D4F524C0E48E00C8E385 /* CrossFitViewController.swift in Sources */ = {isa = PBXBuildFile; fileRef = 3D01D4F424C0E48E00C8E385 /* CrossFitViewController.swift */; };
		3DB5E1C524BFC2570054B8E7 /* AppDelegate.swift in Sources */ = {isa = PBXBuildFile; fileRef = 3DB5E1C424BFC2570054B8E7 /* AppDelegate.swift */; };
		3DB5E1C724BFC2570054B8E7 /* SceneDelegate.swift in Sources */ = {isa = PBXBuildFile; fileRef = 3DB5E1C624BFC2570054B8E7 /* SceneDelegate.swift */; };
		3DB5E1C924BFC2570054B8E7 /* ViewController.swift in Sources */ = {isa = PBXBuildFile; fileRef = 3DB5E1C824BFC2570054B8E7 /* ViewController.swift */; };
		3DB5E1CC24BFC2570054B8E7 /* Main.storyboard in Resources */ = {isa = PBXBuildFile; fileRef = 3DB5E1CA24BFC2570054B8E7 /* Main.storyboard */; };
		3DB5E1CF24BFC2570054B8E7 /* JG_Programming.xcdatamodeld in Sources */ = {isa = PBXBuildFile; fileRef = 3DB5E1CD24BFC2570054B8E7 /* JG_Programming.xcdatamodeld */; };
		3DB5E1D124BFC26C0054B8E7 /* Assets.xcassets in Resources */ = {isa = PBXBuildFile; fileRef = 3DB5E1D024BFC26C0054B8E7 /* Assets.xcassets */; };
		3DB5E1D424BFC26C0054B8E7 /* LaunchScreen.storyboard in Resources */ = {isa = PBXBuildFile; fileRef = 3DB5E1D224BFC26C0054B8E7 /* LaunchScreen.storyboard */; };
		3DB5E1DD24BFEFE00054B8E7 /* TrainingViewController.swift in Sources */ = {isa = PBXBuildFile; fileRef = 3DB5E1DC24BFEFE00054B8E7 /* TrainingViewController.swift */; };
		3DB5E1DF24BFF0A60054B8E7 /* AdminPageViewController.swift in Sources */ = {isa = PBXBuildFile; fileRef = 3DB5E1DE24BFF0A60054B8E7 /* AdminPageViewController.swift */; };
		3DB5E1E124BFF17C0054B8E7 /* ProfileViewController.swift in Sources */ = {isa = PBXBuildFile; fileRef = 3DB5E1E024BFF17C0054B8E7 /* ProfileViewController.swift */; };
		3DB5E1E324BFF27C0054B8E7 /* ProgrammingViewController.swift in Sources */ = {isa = PBXBuildFile; fileRef = 3DB5E1E224BFF27C0054B8E7 /* ProgrammingViewController.swift */; };
		3DCD549924C1085000656828 /* GradientView.swift in Sources */ = {isa = PBXBuildFile; fileRef = 3DCD549824C1084F00656828 /* GradientView.swift */; };
		3DF8D43424C186700053D29C /* Extra.swift in Sources */ = {isa = PBXBuildFile; fileRef = 3DF8D43324C186700053D29C /* Extra.swift */; };
/* End PBXBuildFile section */

/* Begin PBXFileReference section */
		3D01D4F224C0E47200C8E385 /* GymViewController.swift */ = {isa = PBXFileReference; lastKnownFileType = sourcecode.swift; path = GymViewController.swift; sourceTree = "<group>"; };
		3D01D4F424C0E48E00C8E385 /* CrossFitViewController.swift */ = {isa = PBXFileReference; lastKnownFileType = sourcecode.swift; path = CrossFitViewController.swift; sourceTree = "<group>"; };
		3DB5E1C124BFC2570054B8E7 /* JG Programming.app */ = {isa = PBXFileReference; explicitFileType = wrapper.application; includeInIndex = 0; path = "JG Programming.app"; sourceTree = BUILT_PRODUCTS_DIR; };
		3DB5E1C424BFC2570054B8E7 /* AppDelegate.swift */ = {isa = PBXFileReference; lastKnownFileType = sourcecode.swift; path = AppDelegate.swift; sourceTree = "<group>"; };
		3DB5E1C624BFC2570054B8E7 /* SceneDelegate.swift */ = {isa = PBXFileReference; lastKnownFileType = sourcecode.swift; path = SceneDelegate.swift; sourceTree = "<group>"; };
		3DB5E1C824BFC2570054B8E7 /* ViewController.swift */ = {isa = PBXFileReference; lastKnownFileType = sourcecode.swift; path = ViewController.swift; sourceTree = "<group>"; };
		3DB5E1CB24BFC2570054B8E7 /* Base */ = {isa = PBXFileReference; lastKnownFileType = file.storyboard; name = Base; path = Base.lproj/Main.storyboard; sourceTree = "<group>"; };
		3DB5E1CE24BFC2570054B8E7 /* JG_Programming.xcdatamodel */ = {isa = PBXFileReference; lastKnownFileType = wrapper.xcdatamodel; path = JG_Programming.xcdatamodel; sourceTree = "<group>"; };
		3DB5E1D024BFC26C0054B8E7 /* Assets.xcassets */ = {isa = PBXFileReference; lastKnownFileType = folder.assetcatalog; path = Assets.xcassets; sourceTree = "<group>"; };
		3DB5E1D324BFC26C0054B8E7 /* Base */ = {isa = PBXFileReference; lastKnownFileType = file.storyboard; name = Base; path = Base.lproj/LaunchScreen.storyboard; sourceTree = "<group>"; };
		3DB5E1D524BFC26C0054B8E7 /* Info.plist */ = {isa = PBXFileReference; lastKnownFileType = text.plist.xml; path = Info.plist; sourceTree = "<group>"; };
		3DB5E1DC24BFEFE00054B8E7 /* TrainingViewController.swift */ = {isa = PBXFileReference; lastKnownFileType = sourcecode.swift; path = TrainingViewController.swift; sourceTree = "<group>"; };
		3DB5E1DE24BFF0A60054B8E7 /* AdminPageViewController.swift */ = {isa = PBXFileReference; lastKnownFileType = sourcecode.swift; path = AdminPageViewController.swift; sourceTree = "<group>"; };
		3DB5E1E024BFF17C0054B8E7 /* ProfileViewController.swift */ = {isa = PBXFileReference; lastKnownFileType = sourcecode.swift; path = ProfileViewController.swift; sourceTree = "<group>"; };
		3DB5E1E224BFF27C0054B8E7 /* ProgrammingViewController.swift */ = {isa = PBXFileReference; lastKnownFileType = sourcecode.swift; path = ProgrammingViewController.swift; sourceTree = "<group>"; };
		3DCD549824C1084F00656828 /* GradientView.swift */ = {isa = PBXFileReference; lastKnownFileType = sourcecode.swift; path = GradientView.swift; sourceTree = "<group>"; };
		3DF8D43324C186700053D29C /* Extra.swift */ = {isa = PBXFileReference; lastKnownFileType = sourcecode.swift; path = Extra.swift; sourceTree = "<group>"; };
/* End PBXFileReference section */

/* Begin PBXFrameworksBuildPhase section */
		3DB5E1BE24BFC2560054B8E7 /* Frameworks */ = {
			isa = PBXFrameworksBuildPhase;
			buildActionMask = 2147483647;
			files = (
			);
			runOnlyForDeploymentPostprocessing = 0;
		};
/* End PBXFrameworksBuildPhase section */

/* Begin PBXGroup section */
		3DB5E1B824BFC2560054B8E7 = {
			isa = PBXGroup;
			children = (
				3DB5E1C324BFC2570054B8E7 /* JG Programming */,
				3DB5E1C224BFC2570054B8E7 /* Products */,
			);
			sourceTree = "<group>";
		};
		3DB5E1C224BFC2570054B8E7 /* Products */ = {
			isa = PBXGroup;
			children = (
				3DB5E1C124BFC2570054B8E7 /* JG Programming.app */,
			);
			name = Products;
			sourceTree = "<group>";
		};
		3DB5E1C324BFC2570054B8E7 /* JG Programming */ = {
			isa = PBXGroup;
			children = (
				3DB5E1CA24BFC2570054B8E7 /* Main.storyboard */,
				3DF8D43024C16A090053D29C /* Delegate */,
				3DCD549724C107F500656828 /* Util */,
				3DB5E1DB24BFED6F0054B8E7 /* ViewControllers */,
				3DB5E1D024BFC26C0054B8E7 /* Assets.xcassets */,
				3DB5E1D224BFC26C0054B8E7 /* LaunchScreen.storyboard */,
				3DB5E1D524BFC26C0054B8E7 /* Info.plist */,
				3DB5E1CD24BFC2570054B8E7 /* JG_Programming.xcdatamodeld */,
			);
			path = "JG Programming";
			sourceTree = "<group>";
		};
		3DB5E1DB24BFED6F0054B8E7 /* ViewControllers */ = {
			isa = PBXGroup;
			children = (
				3DF8D42F24C168D50053D29C /* Admin */,
				3DB5E1C824BFC2570054B8E7 /* ViewController.swift */,
				3DB5E1DC24BFEFE00054B8E7 /* TrainingViewController.swift */,
				3DB5E1E024BFF17C0054B8E7 /* ProfileViewController.swift */,
				3DB5E1E224BFF27C0054B8E7 /* ProgrammingViewController.swift */,
			);
			path = ViewControllers;
			sourceTree = "<group>";
		};
		3DCD549724C107F500656828 /* Util */ = {
			isa = PBXGroup;
			children = (
				3DCD549824C1084F00656828 /* GradientView.swift */,
				3DF8D43324C186700053D29C /* Extra.swift */,
			);
			path = Util;
			sourceTree = "<group>";
		};
		3DF8D42F24C168D50053D29C /* Admin */ = {
			isa = PBXGroup;
			children = (
				3DB5E1DE24BFF0A60054B8E7 /* AdminPageViewController.swift */,
				3D01D4F224C0E47200C8E385 /* GymViewController.swift */,
				3D01D4F424C0E48E00C8E385 /* CrossFitViewController.swift */,
			);
			path = Admin;
			sourceTree = "<group>";
		};
		3DF8D43024C16A090053D29C /* Delegate */ = {
			isa = PBXGroup;
			children = (
				3DB5E1C424BFC2570054B8E7 /* AppDelegate.swift */,
				3DB5E1C624BFC2570054B8E7 /* SceneDelegate.swift */,
			);
			path = Delegate;
			sourceTree = "<group>";
		};
/* End PBXGroup section */

/* Begin PBXNativeTarget section */
		3DB5E1C024BFC2560054B8E7 /* JG Programming */ = {
			isa = PBXNativeTarget;
			buildConfigurationList = 3DB5E1D824BFC26C0054B8E7 /* Build configuration list for PBXNativeTarget "JG Programming" */;
			buildPhases = (
				3DB5E1BD24BFC2560054B8E7 /* Sources */,
				3DB5E1BE24BFC2560054B8E7 /* Frameworks */,
				3DB5E1BF24BFC2560054B8E7 /* Resources */,
			);
			buildRules = (
			);
			dependencies = (
			);
			name = "JG Programming";
			productName = "JG Programming";
			productReference = 3DB5E1C124BFC2570054B8E7 /* JG Programming.app */;
			productType = "com.apple.product-type.application";
		};
/* End PBXNativeTarget section */

/* Begin PBXProject section */
		3DB5E1B924BFC2560054B8E7 /* Project object */ = {
			isa = PBXProject;
			attributes = {
				LastSwiftUpdateCheck = 1150;
				LastUpgradeCheck = 1150;
				ORGANIZATIONNAME = "Xchel Alonso Carranza De La O";
				TargetAttributes = {
					3DB5E1C024BFC2560054B8E7 = {
						CreatedOnToolsVersion = 11.5;
					};
				};
			};
			buildConfigurationList = 3DB5E1BC24BFC2560054B8E7 /* Build configuration list for PBXProject "JG Programming" */;
			compatibilityVersion = "Xcode 9.3";
			developmentRegion = en;
			hasScannedForEncodings = 0;
			knownRegions = (
				en,
				Base,
			);
			mainGroup = 3DB5E1B824BFC2560054B8E7;
			productRefGroup = 3DB5E1C224BFC2570054B8E7 /* Products */;
			projectDirPath = "";
			projectRoot = "";
			targets = (
				3DB5E1C024BFC2560054B8E7 /* JG Programming */,
			);
		};
/* End PBXProject section */

/* Begin PBXResourcesBuildPhase section */
		3DB5E1BF24BFC2560054B8E7 /* Resources */ = {
			isa = PBXResourcesBuildPhase;
			buildActionMask = 2147483647;
			files = (
				3DB5E1D424BFC26C0054B8E7 /* LaunchScreen.storyboard in Resources */,
				3DB5E1D124BFC26C0054B8E7 /* Assets.xcassets in Resources */,
				3DB5E1CC24BFC2570054B8E7 /* Main.storyboard in Resources */,
			);
			runOnlyForDeploymentPostprocessing = 0;
		};
/* End PBXResourcesBuildPhase section */

/* Begin PBXSourcesBuildPhase section */
		3DB5E1BD24BFC2560054B8E7 /* Sources */ = {
			isa = PBXSourcesBuildPhase;
			buildActionMask = 2147483647;
			files = (
				3DB5E1DF24BFF0A60054B8E7 /* AdminPageViewController.swift in Sources */,
				3D01D4F324C0E47200C8E385 /* GymViewController.swift in Sources */,
				3DF8D43424C186700053D29C /* Extra.swift in Sources */,
				3DCD549924C1085000656828 /* GradientView.swift in Sources */,
				3DB5E1DD24BFEFE00054B8E7 /* TrainingViewController.swift in Sources */,
				3DB5E1C924BFC2570054B8E7 /* ViewController.swift in Sources */,
				3DB5E1C524BFC2570054B8E7 /* AppDelegate.swift in Sources */,
				3DB5E1E324BFF27C0054B8E7 /* ProgrammingViewController.swift in Sources */,
				3DB5E1E124BFF17C0054B8E7 /* ProfileViewController.swift in Sources */,
				3DB5E1CF24BFC2570054B8E7 /* JG_Programming.xcdatamodeld in Sources */,
				3DB5E1C724BFC2570054B8E7 /* SceneDelegate.swift in Sources */,
				3D01D4F524C0E48E00C8E385 /* CrossFitViewController.swift in Sources */,
			);
			runOnlyForDeploymentPostprocessing = 0;
		};
/* End PBXSourcesBuildPhase section */

/* Begin PBXVariantGroup section */
		3DB5E1CA24BFC2570054B8E7 /* Main.storyboard */ = {
			isa = PBXVariantGroup;
			children = (
				3DB5E1CB24BFC2570054B8E7 /* Base */,
			);
			name = Main.storyboard;
			sourceTree = "<group>";
		};
		3DB5E1D224BFC26C0054B8E7 /* LaunchScreen.storyboard */ = {
			isa = PBXVariantGroup;
			children = (
				3DB5E1D324BFC26C0054B8E7 /* Base */,
			);
			name = LaunchScreen.storyboard;
			sourceTree = "<group>";
		};
/* End PBXVariantGroup section */

/* Begin XCBuildConfiguration section */
		3DB5E1D624BFC26C0054B8E7 /* Debug */ = {
			isa = XCBuildConfiguration;
			buildSettings = {
				ALWAYS_SEARCH_USER_PATHS = NO;
				CLANG_ANALYZER_NONNULL = YES;
				CLANG_ANALYZER_NUMBER_OBJECT_CONVERSION = YES_AGGRESSIVE;
				CLANG_CXX_LANGUAGE_STANDARD = "gnu++14";
				CLANG_CXX_LIBRARY = "libc++";
				CLANG_ENABLE_MODULES = YES;
				CLANG_ENABLE_OBJC_ARC = YES;
				CLANG_ENABLE_OBJC_WEAK = YES;
				CLANG_WARN_BLOCK_CAPTURE_AUTORELEASING = YES;
				CLANG_WARN_BOOL_CONVERSION = YES;
				CLANG_WARN_COMMA = YES;
				CLANG_WARN_CONSTANT_CONVERSION = YES;
				CLANG_WARN_DEPRECATED_OBJC_IMPLEMENTATIONS = YES;
				CLANG_WARN_DIRECT_OBJC_ISA_USAGE = YES_ERROR;
				CLANG_WARN_DOCUMENTATION_COMMENTS = YES;
				CLANG_WARN_EMPTY_BODY = YES;
				CLANG_WARN_ENUM_CONVERSION = YES;
				CLANG_WARN_INFINITE_RECURSION = YES;
				CLANG_WARN_INT_CONVERSION = YES;
				CLANG_WARN_NON_LITERAL_NULL_CONVERSION = YES;
				CLANG_WARN_OBJC_IMPLICIT_RETAIN_SELF = YES;
				CLANG_WARN_OBJC_LITERAL_CONVERSION = YES;
				CLANG_WARN_OBJC_ROOT_CLASS = YES_ERROR;
				CLANG_WARN_RANGE_LOOP_ANALYSIS = YES;
				CLANG_WARN_STRICT_PROTOTYPES = YES;
				CLANG_WARN_SUSPICIOUS_MOVE = YES;
				CLANG_WARN_UNGUARDED_AVAILABILITY = YES_AGGRESSIVE;
				CLANG_WARN_UNREACHABLE_CODE = YES;
				CLANG_WARN__DUPLICATE_METHOD_MATCH = YES;
				COPY_PHASE_STRIP = NO;
				DEBUG_INFORMATION_FORMAT = dwarf;
				ENABLE_STRICT_OBJC_MSGSEND = YES;
				ENABLE_TESTABILITY = YES;
				GCC_C_LANGUAGE_STANDARD = gnu11;
				GCC_DYNAMIC_NO_PIC = NO;
				GCC_NO_COMMON_BLOCKS = YES;
				GCC_OPTIMIZATION_LEVEL = 0;
				GCC_PREPROCESSOR_DEFINITIONS = (
					"DEBUG=1",
					"$(inherited)",
				);
				GCC_WARN_64_TO_32_BIT_CONVERSION = YES;
				GCC_WARN_ABOUT_RETURN_TYPE = YES_ERROR;
				GCC_WARN_UNDECLARED_SELECTOR = YES;
				GCC_WARN_UNINITIALIZED_AUTOS = YES_AGGRESSIVE;
				GCC_WARN_UNUSED_FUNCTION = YES;
				GCC_WARN_UNUSED_VARIABLE = YES;
				IPHONEOS_DEPLOYMENT_TARGET = 13.5;
				MTL_ENABLE_DEBUG_INFO = INCLUDE_SOURCE;
				MTL_FAST_MATH = YES;
				ONLY_ACTIVE_ARCH = YES;
				SDKROOT = iphoneos;
				SWIFT_ACTIVE_COMPILATION_CONDITIONS = DEBUG;
				SWIFT_OPTIMIZATION_LEVEL = "-Onone";
			};
			name = Debug;
		};
		3DB5E1D724BFC26C0054B8E7 /* Release */ = {
			isa = XCBuildConfiguration;
			buildSettings = {
				ALWAYS_SEARCH_USER_PATHS = NO;
				CLANG_ANALYZER_NONNULL = YES;
				CLANG_ANALYZER_NUMBER_OBJECT_CONVERSION = YES_AGGRESSIVE;
				CLANG_CXX_LANGUAGE_STANDARD = "gnu++14";
				CLANG_CXX_LIBRARY = "libc++";
				CLANG_ENABLE_MODULES = YES;
				CLANG_ENABLE_OBJC_ARC = YES;
				CLANG_ENABLE_OBJC_WEAK = YES;
				CLANG_WARN_BLOCK_CAPTURE_AUTORELEASING = YES;
				CLANG_WARN_BOOL_CONVERSION = YES;
				CLANG_WARN_COMMA = YES;
				CLANG_WARN_CONSTANT_CONVERSION = YES;
				CLANG_WARN_DEPRECATED_OBJC_IMPLEMENTATIONS = YES;
				CLANG_WARN_DIRECT_OBJC_ISA_USAGE = YES_ERROR;
				CLANG_WARN_DOCUMENTATION_COMMENTS = YES;
				CLANG_WARN_EMPTY_BODY = YES;
				CLANG_WARN_ENUM_CONVERSION = YES;
				CLANG_WARN_INFINITE_RECURSION = YES;
				CLANG_WARN_INT_CONVERSION = YES;
				CLANG_WARN_NON_LITERAL_NULL_CONVERSION = YES;
				CLANG_WARN_OBJC_IMPLICIT_RETAIN_SELF = YES;
				CLANG_WARN_OBJC_LITERAL_CONVERSION = YES;
				CLANG_WARN_OBJC_ROOT_CLASS = YES_ERROR;
				CLANG_WARN_RANGE_LOOP_ANALYSIS = YES;
				CLANG_WARN_STRICT_PROTOTYPES = YES;
				CLANG_WARN_SUSPICIOUS_MOVE = YES;
				CLANG_WARN_UNGUARDED_AVAILABILITY = YES_AGGRESSIVE;
				CLANG_WARN_UNREACHABLE_CODE = YES;
				CLANG_WARN__DUPLICATE_METHOD_MATCH = YES;
				COPY_PHASE_STRIP = NO;
				DEBUG_INFORMATION_FORMAT = "dwarf-with-dsym";
				ENABLE_NS_ASSERTIONS = NO;
				ENABLE_STRICT_OBJC_MSGSEND = YES;
				GCC_C_LANGUAGE_STANDARD = gnu11;
				GCC_NO_COMMON_BLOCKS = YES;
				GCC_WARN_64_TO_32_BIT_CONVERSION = YES;
				GCC_WARN_ABOUT_RETURN_TYPE = YES_ERROR;
				GCC_WARN_UNDECLARED_SELECTOR = YES;
				GCC_WARN_UNINITIALIZED_AUTOS = YES_AGGRESSIVE;
				GCC_WARN_UNUSED_FUNCTION = YES;
				GCC_WARN_UNUSED_VARIABLE = YES;
				IPHONEOS_DEPLOYMENT_TARGET = 13.5;
				MTL_ENABLE_DEBUG_INFO = NO;
				MTL_FAST_MATH = YES;
				SDKROOT = iphoneos;
				SWIFT_COMPILATION_MODE = wholemodule;
				SWIFT_OPTIMIZATION_LEVEL = "-O";
				VALIDATE_PRODUCT = YES;
			};
			name = Release;
		};
		3DB5E1D924BFC26C0054B8E7 /* Debug */ = {
			isa = XCBuildConfiguration;
			buildSettings = {
				ASSETCATALOG_COMPILER_APPICON_NAME = AppIcon;
				CODE_SIGN_STYLE = Automatic;
				DEVELOPMENT_TEAM = T628CFUBY9;
				INFOPLIST_FILE = "JG Programming/Info.plist";
				IPHONEOS_DEPLOYMENT_TARGET = 13.0;
				LD_RUNPATH_SEARCH_PATHS = (
					"$(inherited)",
					"@executable_path/Frameworks",
				);
				PRODUCT_BUNDLE_IDENTIFIER = "com.mx.idax.JG-Programming";
				PRODUCT_NAME = "$(TARGET_NAME)";
				SWIFT_VERSION = 5.0;
				TARGETED_DEVICE_FAMILY = 1;
			};
			name = Debug;
		};
		3DB5E1DA24BFC26C0054B8E7 /* Release */ = {
			isa = XCBuildConfiguration;
			buildSettings = {
				ASSETCATALOG_COMPILER_APPICON_NAME = AppIcon;
				CODE_SIGN_STYLE = Automatic;
				DEVELOPMENT_TEAM = T628CFUBY9;
				INFOPLIST_FILE = "JG Programming/Info.plist";
				IPHONEOS_DEPLOYMENT_TARGET = 13.0;
				LD_RUNPATH_SEARCH_PATHS = (
					"$(inherited)",
					"@executable_path/Frameworks",
				);
				PRODUCT_BUNDLE_IDENTIFIER = "com.mx.idax.JG-Programming";
				PRODUCT_NAME = "$(TARGET_NAME)";
				SWIFT_VERSION = 5.0;
				TARGETED_DEVICE_FAMILY = 1;
			};
			name = Release;
		};
/* End XCBuildConfiguration section */

/* Begin XCConfigurationList section */
		3DB5E1BC24BFC2560054B8E7 /* Build configuration list for PBXProject "JG Programming" */ = {
			isa = XCConfigurationList;
			buildConfigurations = (
				3DB5E1D624BFC26C0054B8E7 /* Debug */,
				3DB5E1D724BFC26C0054B8E7 /* Release */,
			);
			defaultConfigurationIsVisible = 0;
			defaultConfigurationName = Release;
		};
		3DB5E1D824BFC26C0054B8E7 /* Build configuration list for PBXNativeTarget "JG Programming" */ = {
			isa = XCConfigurationList;
			buildConfigurations = (
				3DB5E1D924BFC26C0054B8E7 /* Debug */,
				3DB5E1DA24BFC26C0054B8E7 /* Release */,
			);
			defaultConfigurationIsVisible = 0;
			defaultConfigurationName = Release;
		};
/* End XCConfigurationList section */

/* Begin XCVersionGroup section */
		3DB5E1CD24BFC2570054B8E7 /* JG_Programming.xcdatamodeld */ = {
			isa = XCVersionGroup;
			children = (
				3DB5E1CE24BFC2570054B8E7 /* JG_Programming.xcdatamodel */,
			);
			currentVersion = 3DB5E1CE24BFC2570054B8E7 /* JG_Programming.xcdatamodel */;
			path = JG_Programming.xcdatamodeld;
			sourceTree = "<group>";
			versionGroupType = wrapper.xcdatamodel;
		};
/* End XCVersionGroup section */
	};
	rootObject = 3DB5E1B924BFC2560054B8E7 /* Project object */;
}
